
Microsoft Visual Studio Solution File, Format Version 12.00
# Visual Studio Version 16
VisualStudioVersion = 16.0.30717.126
MinimumVisualStudioVersion = 10.0.40219.1
Project("{FAE04EC0-301F-11D3-BF4B-00C04F79EFBC}") = "JustBe.Droid", "Droid\JustBe.Droid.csproj", "{38CF43A9-B834-4560-B6ED-C5C85CD2C6BA}"
EndProject
Global
	GlobalSection(SolutionConfigurationPlatforms) = preSolution
		Debug|Any CPU = Debug|Any CPU
		Release|Any CPU = Release|Any CPU
	EndGlobalSection
	GlobalSection(ProjectConfigurationPlatforms) = postSolution
		{38CF43A9-B834-4560-B6ED-C5C85CD2C6BA}.Debug|Any CPU.ActiveCfg = Debug|Any CPU
		{38CF43A9-B834-4560-B6ED-C5C85CD2C6BA}.Debug|Any CPU.Build.0 = Debug|Any CPU
		{38CF43A9-B834-4560-B6ED-C5C85CD2C6BA}.Debug|Any CPU.Deploy.0 = Debug|Any CPU
		{38CF43A9-B834-4560-B6ED-C5C85CD2C6BA}.Release|Any CPU.ActiveCfg = Release|Any CPU
		{38CF43A9-B834-4560-B6ED-C5C85CD2C6BA}.Release|Any CPU.Build.0 = Release|Any CPU
		{38CF43A9-B834-4560-B6ED-C5C85CD2C6BA}.Release|Any CPU.Deploy.0 = Release|Any CPU
	EndGlobalSection
	GlobalSection(SolutionProperties) = preSolution
		HideSolutionNode = FALSE
	EndGlobalSection
	GlobalSection(ExtensibilityGlobals) = postSolution
		SolutionGuid = {C1FE2424-9817-453C-A716-249106F0FB5A}
	EndGlobalSection
EndGlobal
